{
  "name": "font-awesome-icons",
  "lockfileVersion": 3,
  "requires": true,
  "packages": {
    "": {
      "dependencies": {
        "@jrc03c/gt-helpers": "github:jrc03c/gt-helpers",
        "@jrc03c/watch": "^0.0.11"
      }
    },
    "node_modules/@jrc03c/bash-colors": {
      "version": "0.0.3",
      "resolved": "https://registry.npmjs.org/@jrc03c/bash-colors/-/bash-colors-0.0.3.tgz",
      "integrity": "sha512-CHijOmwR7GS85v1Ur6kle3g2Q1/1mbySCCZyvrLw0hVOl41NihBA52lq/feLWANvylotLjQjdzQi+MQ4GhNh9Q=="
    },
    "node_modules/@jrc03c/fs-extras": {
      "version": "0.0.12",
      "resolved": "https://registry.npmjs.org/@jrc03c/fs-extras/-/fs-extras-0.0.12.tgz",
      "integrity": "sha512-7cPv5ZCdZUUM4G6PEPloTdHWDI3qfud59NkGc9Y84t1EJzSZZTAaHCVaWd3nFN1hMLcoye2Y39LEv1eYof2N9Q==",
      "dependencies": {
        "@jrc03c/js-math-tools": "^0.0.58"
      }
    },
    "node_modules/@jrc03c/gt-helpers": {
      "version": "0.0.5",
      "resolved": "git+ssh://git@github.com/jrc03c/gt-helpers.git#59c437d256e573b264d5cb32ab4ec5cf651779d7",
      "license": "ISC",
      "dependencies": {
        "@jrc03c/js-math-tools": "^0.0.49",
        "@jrc03c/js-text-tools": "^0.0.15",
        "liquidjs": "^10.8.2"
      }
    },
    "node_modules/@jrc03c/gt-helpers/node_modules/@jrc03c/js-math-tools": {
      "version": "0.0.49",
      "resolved": "https://registry.npmjs.org/@jrc03c/js-math-tools/-/js-math-tools-0.0.49.tgz",
      "integrity": "sha512-i+/E0Vp+vfYS2X3sgBzJse6gvmeh1nIQ1CafTkA1WBzQcDOCm6Ii8XK23VkRGHQAQcp5J3lhGlzbdvIyGd4jwQ=="
    },
    "node_modules/@jrc03c/js-math-tools": {
      "version": "0.0.58",
      "resolved": "https://registry.npmjs.org/@jrc03c/js-math-tools/-/js-math-tools-0.0.58.tgz",
      "integrity": "sha512-GdaYsuoWk/4fdCHJUWxaEU77KeSu46vJBzB7u7WruV6y2JtQ9COm3J/naC9hB+gSBcMc55qhrmNoB6My6bdLTw=="
    },
    "node_modules/@jrc03c/js-text-tools": {
      "version": "0.0.15",
      "resolved": "https://registry.npmjs.org/@jrc03c/js-text-tools/-/js-text-tools-0.0.15.tgz",
      "integrity": "sha512-emdonExDq9UzT2H5LhL9sMwkmTccS+KnqrooC+nLz+jCzVumatVmgUa3Dp76Y34pJHu1rEu5xzQRGVl9scRUAQ==",
      "dependencies": {
        "@jrc03c/bash-colors": "^0.0.3",
        "@jrc03c/js-math-tools": "github:jrc03c/js-math-tools"
      },
      "bin": {
        "camel": "src/camelify-bin.js",
        "camelify": "src/camelify-bin.js",
        "indent": "src/indent-bin.js",
        "kebab": "src/kebabify-bin.js",
        "kebabify": "src/kebabify-bin.js",
        "snake": "src/snakeify-bin.js",
        "snakeify": "src/snakeify-bin.js",
        "unindent": "src/unindent-bin.js",
        "wrap": "src/wrap-bin.js"
      }
    },
    "node_modules/@jrc03c/js-text-tools/node_modules/@jrc03c/js-math-tools": {
      "version": "0.0.59",
      "resolved": "git+ssh://git@github.com/jrc03c/js-math-tools.git#5ff26c4622c54983121b974a813ddf609b42fb44",
      "license": "ISC"
    },
    "node_modules/@jrc03c/watch": {
      "version": "0.0.11",
      "resolved": "https://registry.npmjs.org/@jrc03c/watch/-/watch-0.0.11.tgz",
      "integrity": "sha512-hnFgcQpF1JM1QSDhn4vC00sVhQ1o67/nNrKxdiN/XjRSoi1I81MU0sLfrq51xhEi+0xCtBF/CgVKOwXiZz9l6A==",
      "dependencies": {
        "@jrc03c/fs-extras": "^0.0.12"
      }
    },
    "node_modules/commander": {
      "version": "10.0.1",
      "resolved": "https://registry.npmjs.org/commander/-/commander-10.0.1.tgz",
      "integrity": "sha512-y4Mg2tXshplEbSGzx7amzPwKKOCGuoSRP/CjEdwwk0FOGlUbq6lKuoyDZTNZkmxHdJtp54hdfY/JUrdL7Xfdug==",
      "engines": {
        "node": ">=14"
      }
    },
    "node_modules/liquidjs": {
      "version": "10.9.2",
      "resolved": "https://registry.npmjs.org/liquidjs/-/liquidjs-10.9.2.tgz",
      "integrity": "sha512-ygPCgYyiFKQNyRi/CK3s3U5RimosBtrIq7TaMYK5ek93mUl9CZ6xxqw2T+1G4kVc9dAmwI71bWLQNKRToV8SsQ==",
      "dependencies": {
        "commander": "^10.0.0"
      },
      "bin": {
        "liquid": "bin/liquid.js",
        "liquidjs": "bin/liquid.js"
      },
      "engines": {
        "node": ">=14"
      },
      "funding": {
        "type": "opencollective",
        "url": "https://opencollective.com/liquidjs"
      }
    }
  }
}
